# THIS IS AN AUTOGENERATED FILE. DO NOT EDIT THIS FILE DIRECTLY.
# yarn lockfile v1


"@babel/code-frame@^7.10.4":
  "integrity" "sha512-iAXqUn8IIeBTNd72xsFlgaXHkMBMt6y4HJp1tIaK465CWLT/fG1aqB7ykr95gHHmlBdGbFeWWfyB4NJJ0nmeIg=="
  "resolved" "https://registry.npmjs.org/@babel/code-frame/-/code-frame-7.16.7.tgz"
  "version" "7.16.7"
  dependencies:
    "@babel/highlight" "^7.16.7"

"@babel/helper-validator-identifier@^7.16.7":
  "integrity" "sha512-hsEnFemeiW4D08A5gUAZxLBTXpZ39P+a+DGDsHw1yxqyQ/jzFEnxf5uTEGp+3bzAbNOxU1paTgYS4ECU/IgfDw=="
  "resolved" "https://registry.npmjs.org/@babel/helper-validator-identifier/-/helper-validator-identifier-7.16.7.tgz"
  "version" "7.16.7"

"@babel/highlight@^7.16.7":
  "integrity" "sha512-5FnTQLSLswEj6IkgVw5KusNUUFY9ZGqe/TRFnP/BKYHYgfh7tc+C7mwiy95/yNP7Dh9x580Vv8r7u7ZfTBFxdw=="
  "resolved" "https://registry.npmjs.org/@babel/highlight/-/highlight-7.16.10.tgz"
  "version" "7.16.10"
  dependencies:
    "@babel/helper-validator-identifier" "^7.16.7"
    "chalk" "^2.0.0"
    "js-tokens" "^4.0.0"

"@babel/runtime@^7.12.5":
  "integrity" "sha512-9E9FJowqAsytyOY6LG+1KuueckRL+aQW+mKvXRXnuFGyRAyepJPmEo9vgMfXUA6O9u3IeEdv9MAkppFcaQwogQ=="
  "resolved" "https://registry.npmjs.org/@babel/runtime/-/runtime-7.16.7.tgz"
  "version" "7.16.7"
  dependencies:
    "regenerator-runtime" "^0.13.4"

"@fortawesome/fontawesome-common-types@^0.2.36":
  "integrity" "sha512-a/7BiSgobHAgBWeN7N0w+lAhInrGxksn13uK7231n2m8EDPE3BMCl9NZLTGrj9ZXfCmC6LM0QLqXidIizVQ6yg=="
  "resolved" "https://registry.npmjs.org/@fortawesome/fontawesome-common-types/-/fontawesome-common-types-0.2.36.tgz"
  "version" "0.2.36"

"@fortawesome/fontawesome-free@^5.15.4":
  "integrity" "sha512-eYm8vijH/hpzr/6/1CJ/V/Eb1xQFW2nnUKArb3z+yUWv7HTwj6M7SP957oMjfZjAHU6qpoNc2wQvIxBLWYa/Jg=="
  "resolved" "https://registry.npmjs.org/@fortawesome/fontawesome-free/-/fontawesome-free-5.15.4.tgz"
  "version" "5.15.4"

"@fortawesome/fontawesome-svg-core@^1.2.36", "@fortawesome/fontawesome-svg-core@~1 || >=1.3.0-beta1":
  "integrity" "sha512-YUcsLQKYb6DmaJjIHdDWpBIGCcyE/W+p/LMGvjQem55Mm2XWVAP5kWTMKWLv9lwpCVjpLxPyOMOyUocP1GxrtA=="
  "resolved" "https://registry.npmjs.org/@fortawesome/fontawesome-svg-core/-/fontawesome-svg-core-1.2.36.tgz"
  "version" "1.2.36"
  dependencies:
    "@fortawesome/fontawesome-common-types" "^0.2.36"

"@fortawesome/free-solid-svg-icons@^5.15.4":
  "integrity" "sha512-JLmQfz6tdtwxoihXLg6lT78BorrFyCf59SAwBM6qV/0zXyVeDygJVb3fk+j5Qat+Yvcxp1buLTY5iDh1ZSAQ8w=="
  "resolved" "https://registry.npmjs.org/@fortawesome/free-solid-svg-icons/-/free-solid-svg-icons-5.15.4.tgz"
  "version" "5.15.4"
  dependencies:
    "@fortawesome/fontawesome-common-types" "^0.2.36"

"@fortawesome/react-fontawesome@^0.1.16":
  "integrity" "sha512-dX43Z5IvMaW7fwzU8farosYjKNGfRb2HB/DgjVBHeJZ/NSnuuaujPPx0YOdcAq+n3mqn70tyCde2HM1mqbhiuw=="
  "resolved" "https://registry.npmjs.org/@fortawesome/react-fontawesome/-/react-fontawesome-0.1.17.tgz"
  "version" "0.1.17"
  dependencies:
    "prop-types" "^15.8.1"

"@next/env@12.0.9":
  "integrity" "sha512-oBlkyDop0Stf7MPIzETGv5r0YT/G/weBrknoPOUTaa5qwOeGjuy6gsOVc/SBtrBkOoBmRpD+fFhQJPvmo1mS+g=="
  "resolved" "https://registry.npmjs.org/@next/env/-/env-12.0.9.tgz"
  "version" "12.0.9"

"@next/swc-win32-x64-msvc@12.0.9":
  "integrity" "sha512-1c/sxp/4Qz4F6rCxiYqAnrmghCOFt5hHZ9Kd+rXFW5Mqev4C4XDOUMHdBH55HgnJZqngYhOE0r/XNkCtsIojig=="
  "resolved" "https://registry.npmjs.org/@next/swc-win32-x64-msvc/-/swc-win32-x64-msvc-12.0.9.tgz"
  "version" "12.0.9"

"@skynexui/components@^1.23.2":
  "integrity" "sha512-y33kQyFgHs/p9CcdfwezAY3J8pWLQfUHByc87K4U5/Nn90Giepk+5KRTeJrnYEcCZRG+FP4rBIQ3UTCBDBlM6w=="
  "resolved" "https://registry.npmjs.org/@skynexui/components/-/components-1.24.2.tgz"
  "version" "1.24.2"
  dependencies:
    "@fortawesome/fontawesome-common-types" "^0.2.36"
    "@fortawesome/fontawesome-free" "^5.15.4"
    "@fortawesome/fontawesome-svg-core" "^1.2.36"
    "@fortawesome/free-solid-svg-icons" "^5.15.4"
    "@fortawesome/react-fontawesome" "^0.1.16"
    "@testing-library/react" "^12.1.2"
    "lodash" "^4.17.21"
    "node-fetch" "^3.1.0"
    "react-icons" "^4.3.1"
    "react-ripples" "^2.2.1"

"@supabase/gotrue-js@^1.22.0":
  "integrity" "sha512-6r8YJvl8+mEBO6a5xoFr9K0kVw7C0FmcudFFAop+2FNSo6BXR/eEsPx/yAgVgv+1GowG4n2kOm0TYB7EvcH2QQ=="
  "resolved" "https://registry.npmjs.org/@supabase/gotrue-js/-/gotrue-js-1.22.0.tgz"
  "version" "1.22.0"
  dependencies:
    "cross-fetch" "^3.0.6"

"@supabase/postgrest-js@^0.36.0":
  "integrity" "sha512-KOnhVy8tEr/qNnvOLpFqwOkt7ilRDFMXY+JJfmLjS3+eZuna1G57w4zb3L0SdY6BL7AKnfzP5BG3yHTAuJPSww=="
  "resolved" "https://registry.npmjs.org/@supabase/postgrest-js/-/postgrest-js-0.36.0.tgz"
  "version" "0.36.0"
  dependencies:
    "cross-fetch" "^3.0.6"

"@supabase/realtime-js@^1.3.5":
  "integrity" "sha512-If+C0A6eT1BflFOOZNlnGw/91gNuj7f/M19/WutsPM0pjhx++8Dj0YH8z+tbgxX0nf/2UGVUMMgTBckzpk9R3g=="
  "resolved" "https://registry.npmjs.org/@supabase/realtime-js/-/realtime-js-1.3.5.tgz"
  "version" "1.3.5"
  dependencies:
    "@types/websocket" "^1.0.3"
    "websocket" "^1.0.34"

"@supabase/storage-js@^1.5.1":
  "integrity" "sha512-W82st1RvkChVJ/FTCcPXFXfS3V0Z4rZuMnoDnB9/NI5i9r9zspZS40tHpUQ+vbN6R6k0pfr/Waa1jcEd3YAtrQ=="
  "resolved" "https://registry.npmjs.org/@supabase/storage-js/-/storage-js-1.5.1.tgz"
  "version" "1.5.1"
  dependencies:
    "cross-fetch" "^3.1.0"

"@supabase/supabase-js@^1.29.4":
  "integrity" "sha512-RR3/Ji6o6GPO1/pXbG9sHoNynWIc3MnBnwgbC0UFc10kQfYcPaRgQCfI66V7O4Gesa0qGGYpcYq6/IUg8Qmh0A=="
  "resolved" "https://registry.npmjs.org/@supabase/supabase-js/-/supabase-js-1.29.4.tgz"
  "version" "1.29.4"
  dependencies:
    "@supabase/gotrue-js" "^1.22.0"
    "@supabase/postgrest-js" "^0.36.0"
    "@supabase/realtime-js" "^1.3.5"
    "@supabase/storage-js" "^1.5.1"

"@testing-library/dom@^8.0.0":
  "integrity" "sha512-9LId28I+lx70wUiZjLvi1DB/WT2zGOxUh46glrSNMaWVx849kKAluezVzZrXJfTKKoQTmEOutLes/bHg4Bj3aA=="
  "resolved" "https://registry.npmjs.org/@testing-library/dom/-/dom-8.11.3.tgz"
  "version" "8.11.3"
  dependencies:
    "@babel/code-frame" "^7.10.4"
    "@babel/runtime" "^7.12.5"
    "@types/aria-query" "^4.2.0"
    "aria-query" "^5.0.0"
    "chalk" "^4.1.0"
    "dom-accessibility-api" "^0.5.9"
    "lz-string" "^1.4.4"
    "pretty-format" "^27.0.2"

"@testing-library/react@^12.1.2":
  "integrity" "sha512-ihQiEOklNyHIpo2Y8FREkyD1QAea054U0MVbwH1m8N9TxeFz+KoJ9LkqoKqJlzx2JDm56DVwaJ1r36JYxZM05g=="
  "resolved" "https://registry.npmjs.org/@testing-library/react/-/react-12.1.2.tgz"
  "version" "12.1.2"
  dependencies:
    "@babel/runtime" "^7.12.5"
    "@testing-library/dom" "^8.0.0"

"@types/aria-query@^4.2.0":
  "integrity" "sha512-HnYpAE1Y6kRyKM/XkEuiRQhTHvkzMBurTHnpFLYLBGPIylZNPs9jJcuOOYWxPLJCSEtmZT0Y8rHDokKN7rRTig=="
  "resolved" "https://registry.npmjs.org/@types/aria-query/-/aria-query-4.2.2.tgz"
  "version" "4.2.2"

"@types/node@*":
  "integrity" "sha512-Y86MAxASe25hNzlDbsviXl8jQHb0RDvKt4c40ZJQ1Don0AAL0STLZSs4N+6gLEO55pedy7r2cLwS+ZDxPm/2Bw=="
  "resolved" "https://registry.npmjs.org/@types/node/-/node-17.0.13.tgz"
  "version" "17.0.13"

"@types/websocket@^1.0.3":
  "integrity" "sha512-NbsqiNX9CnEfC1Z0Vf4mE1SgAJ07JnRYcNex7AJ9zAVzmiGHmjKFEk7O4TJIsgv2B1sLEb6owKFZrACwdYngsQ=="
  "resolved" "https://registry.npmjs.org/@types/websocket/-/websocket-1.0.5.tgz"
  "version" "1.0.5"
  dependencies:
    "@types/node" "*"

"ansi-regex@^5.0.1":
  "integrity" "sha512-quJQXlTSUGL2LH9SUXo8VwsY4soanhgo6LNSm84E1LBcE8s3O0wpdiRzyR9z/ZZJMlMWv37qOOb9pdJlMUEKFQ=="
  "resolved" "https://registry.npmjs.org/ansi-regex/-/ansi-regex-5.0.1.tgz"
  "version" "5.0.1"

"ansi-styles@^3.2.1":
  "integrity" "sha512-VT0ZI6kZRdTh8YyJw3SMbYm/u+NqfsAxEpWO0Pf9sq8/e94WxxOpPKx9FR1FlyCtOVDNOQ+8ntlqFxiRc+r5qA=="
  "resolved" "https://registry.npmjs.org/ansi-styles/-/ansi-styles-3.2.1.tgz"
  "version" "3.2.1"
  dependencies:
    "color-convert" "^1.9.0"

"ansi-styles@^4.1.0":
  "integrity" "sha512-zbB9rCJAT1rbjiVDb2hqKFHNYLxgtk8NURxZ3IZwD3F6NtxbXZQCnnSi1Lkx+IDohdPlFp222wVALIheZJQSEg=="
  "resolved" "https://registry.npmjs.org/ansi-styles/-/ansi-styles-4.3.0.tgz"
  "version" "4.3.0"
  dependencies:
    "color-convert" "^2.0.1"

"ansi-styles@^5.0.0":
  "integrity" "sha512-Cxwpt2SfTzTtXcfOlzGEee8O+c+MmUgGrNiBcXnuWxuFJHe6a5Hz7qwhwe5OgaSYI0IJvkLqWX1ASG+cJOkEiA=="
  "resolved" "https://registry.npmjs.org/ansi-styles/-/ansi-styles-5.2.0.tgz"
  "version" "5.2.0"

"aria-query@^5.0.0":
  "integrity" "sha512-V+SM7AbUwJ+EBnB8+DXs0hPZHO0W6pqBcc0dW90OwtVG02PswOu/teuARoLQjdDOH+t9pJgGnW5/Qmouf3gPJg=="
  "resolved" "https://registry.npmjs.org/aria-query/-/aria-query-5.0.0.tgz"
  "version" "5.0.0"

"bufferutil@^4.0.1":
  "integrity" "sha512-jduaYOYtnio4aIAyc6UbvPCVcgq7nYpVnucyxr6eCYg/Woad9Hf/oxxBRDnGGjPfjUm6j5O/uBWhIu4iLebFaw=="
  "resolved" "https://registry.npmjs.org/bufferutil/-/bufferutil-4.0.6.tgz"
  "version" "4.0.6"
  dependencies:
    "node-gyp-build" "^4.3.0"

"caniuse-lite@^1.0.30001283":
  "integrity" "sha512-/Mqc1oESndUNszJP0kx0UaQU9kEv9nNtJ7Kn8AdA0mNnH8eR1cj0kG+NbNuC1Wq/b21eA8prhKRA3bbkjONegQ=="
  "resolved" "https://registry.npmjs.org/caniuse-lite/-/caniuse-lite-1.0.30001303.tgz"
  "version" "1.0.30001303"

"chalk@^2.0.0":
  "integrity" "sha512-Mti+f9lpJNcwF4tWV8/OrTTtF1gZi+f8FqlyAdouralcFWFQWF2+NgCHShjkCb+IFBLq9buZwE1xckQU4peSuQ=="
  "resolved" "https://registry.npmjs.org/chalk/-/chalk-2.4.2.tgz"
  "version" "2.4.2"
  dependencies:
    "ansi-styles" "^3.2.1"
    "escape-string-regexp" "^1.0.5"
    "supports-color" "^5.3.0"

"chalk@^4.1.0":
  "integrity" "sha512-oKnbhFyRIXpUuez8iBMmyEa4nbj4IOQyuhc/wy9kY7/WVPcwIO9VA668Pu8RkO7+0G76SLROeyw9CpQ061i4mA=="
  "resolved" "https://registry.npmjs.org/chalk/-/chalk-4.1.2.tgz"
  "version" "4.1.2"
  dependencies:
    "ansi-styles" "^4.1.0"
    "supports-color" "^7.1.0"

"color-convert@^1.9.0":
  "integrity" "sha512-QfAUtd+vFdAtFQcC8CCyYt1fYWxSqAiK2cSD6zDB8N3cpsEBAvRxp9zOGg6G/SHHJYAT88/az/IuDGALsNVbGg=="
  "resolved" "https://registry.npmjs.org/color-convert/-/color-convert-1.9.3.tgz"
  "version" "1.9.3"
  dependencies:
    "color-name" "1.1.3"

"color-convert@^2.0.1":
  "integrity" "sha512-RRECPsj7iu/xb5oKYcsFHSppFNnsj/52OVTRKb4zP5onXwVF3zVmmToNcOfGC+CRDpfK/U584fMg38ZHCaElKQ=="
  "resolved" "https://registry.npmjs.org/color-convert/-/color-convert-2.0.1.tgz"
  "version" "2.0.1"
  dependencies:
    "color-name" "~1.1.4"

"color-name@~1.1.4":
  "integrity" "sha512-dOy+3AuW3a2wNbZHIuMZpTcgjGuLU/uBL/ubcZF9OXbDo8ff4O8yVp5Bf0efS8uEoYo5q4Fx7dY9OgQGXgAsQA=="
  "resolved" "https://registry.npmjs.org/color-name/-/color-name-1.1.4.tgz"
  "version" "1.1.4"

"color-name@1.1.3":
  "integrity" "sha1-p9BVi9icQveV3UIyj3QIMcpTvCU="
  "resolved" "https://registry.npmjs.org/color-name/-/color-name-1.1.3.tgz"
  "version" "1.1.3"

"cross-fetch@^3.0.6", "cross-fetch@^3.1.0":
  "integrity" "sha512-lvb1SBsI0Z7GDwmuid+mU3kWVBwTVUbe7S0H52yaaAdQOXq2YktTCZdlAcNKFzE6QtRz0snpw9bNiPeOIkkQvw=="
  "resolved" "https://registry.npmjs.org/cross-fetch/-/cross-fetch-3.1.5.tgz"
  "version" "3.1.5"
  dependencies:
    "node-fetch" "2.6.7"

"d@^1.0.1", "d@1":
  "integrity" "sha512-m62ShEObQ39CfralilEQRjH6oAMtNCV1xJyEx5LpRYUVN+EviphDgUc/F3hnYbADmkiNs67Y+3ylmlG7Lnu+FA=="
  "resolved" "https://registry.npmjs.org/d/-/d-1.0.1.tgz"
  "version" "1.0.1"
  dependencies:
    "es5-ext" "^0.10.50"
    "type" "^1.0.1"

"data-uri-to-buffer@^4.0.0":
  "integrity" "sha512-Vr3mLBA8qWmcuschSLAOogKgQ/Jwxulv3RNE4FXnYWRGujzrRWQI4m12fQqRkwX06C0KanhLr4hK+GydchZsaA=="
  "resolved" "https://registry.npmjs.org/data-uri-to-buffer/-/data-uri-to-buffer-4.0.0.tgz"
  "version" "4.0.0"

"debug@^2.2.0":
  "integrity" "sha512-bC7ElrdJaJnPbAP+1EotYvqZsb3ecl5wi6Bfi6BJTUcNowp6cvspg0jXznRTKDjm/E7AdgFBVeAPVMNcKGsHMA=="
  "resolved" "https://registry.npmjs.org/debug/-/debug-2.6.9.tgz"
  "version" "2.6.9"
  dependencies:
    "ms" "2.0.0"

"dom-accessibility-api@^0.5.9":
  "integrity" "sha512-7X6GvzjYf4yTdRKuCVScV+aA9Fvh5r8WzWrXBH9w82ZWB/eYDMGCnazoC/YAqAzUJWHzLOnZqr46K3iEyUhUvw=="
  "resolved" "https://registry.npmjs.org/dom-accessibility-api/-/dom-accessibility-api-0.5.11.tgz"
  "version" "0.5.11"

"es5-ext@^0.10.35", "es5-ext@^0.10.50":
  "integrity" "sha512-Xs2Stw6NiNHWypzRTY1MtaG/uJlwCk8kH81920ma8mvN8Xq1gsfhZvpkImLQArw8AHnv8MT2I45J3c0R8slE+Q=="
  "resolved" "https://registry.npmjs.org/es5-ext/-/es5-ext-0.10.53.tgz"
  "version" "0.10.53"
  dependencies:
    "es6-iterator" "~2.0.3"
    "es6-symbol" "~3.1.3"
    "next-tick" "~1.0.0"

"es6-iterator@~2.0.3":
  "integrity" "sha1-p96IkUGgWpSwhUQDstCg+/qY87c="
  "resolved" "https://registry.npmjs.org/es6-iterator/-/es6-iterator-2.0.3.tgz"
  "version" "2.0.3"
  dependencies:
    "d" "1"
    "es5-ext" "^0.10.35"
    "es6-symbol" "^3.1.1"

"es6-symbol@^3.1.1", "es6-symbol@~3.1.3":
  "integrity" "sha512-NJ6Yn3FuDinBaBRWl/q5X/s4koRHBrgKAu+yGI6JCBeiu3qrcbJhwT2GeR/EXVfylRk8dpQVJoLEFhK+Mu31NA=="
  "resolved" "https://registry.npmjs.org/es6-symbol/-/es6-symbol-3.1.3.tgz"
  "version" "3.1.3"
  dependencies:
    "d" "^1.0.1"
    "ext" "^1.1.2"

"escape-string-regexp@^1.0.5":
  "integrity" "sha1-G2HAViGQqN/2rjuyzwIAyhMLhtQ="
  "resolved" "https://registry.npmjs.org/escape-string-regexp/-/escape-string-regexp-1.0.5.tgz"
  "version" "1.0.5"

"ext@^1.1.2":
  "integrity" "sha512-sdBImtzkq2HpkdRLtlLWDa6w4DX22ijZLKx8BMPUuKe1c5lbN6xwQDQCxSfxBQnHZ13ls/FH0MQZx/q/gr6FQg=="
  "resolved" "https://registry.npmjs.org/ext/-/ext-1.6.0.tgz"
  "version" "1.6.0"
  dependencies:
    "type" "^2.5.0"

"fetch-blob@^3.1.2", "fetch-blob@^3.1.4":
  "integrity" "sha512-Eq5Xv5+VlSrYWEqKrusxY1C3Hm/hjeAsCGVG3ft7pZahlUAChpGZT/Ms1WmSLnEAisEXszjzu/s+ce6HZB2VHA=="
  "resolved" "https://registry.npmjs.org/fetch-blob/-/fetch-blob-3.1.4.tgz"
  "version" "3.1.4"
  dependencies:
    "node-domexception" "^1.0.0"
    "web-streams-polyfill" "^3.0.3"

"formdata-polyfill@^4.0.10":
  "integrity" "sha512-buewHzMvYL29jdeQTVILecSaZKnt/RJWjoZCF5OW60Z67/GmSLBkOFM7qh1PI3zFNtJbaZL5eQu1vLfazOwj4g=="
  "resolved" "https://registry.npmjs.org/formdata-polyfill/-/formdata-polyfill-4.0.10.tgz"
  "version" "4.0.10"
  dependencies:
    "fetch-blob" "^3.1.2"

"has-flag@^3.0.0":
  "integrity" "sha1-tdRU3CGZriJWmfNGfloH87lVuv0="
  "resolved" "https://registry.npmjs.org/has-flag/-/has-flag-3.0.0.tgz"
  "version" "3.0.0"

"has-flag@^4.0.0":
  "integrity" "sha512-EykJT/Q1KjTWctppgIAgfSO0tKVuZUjhgMr17kqTumMl6Afv3EISleU7qZUzoXDFTAHTDC4NOoG/ZxU3EvlMPQ=="
  "resolved" "https://registry.npmjs.org/has-flag/-/has-flag-4.0.0.tgz"
  "version" "4.0.0"

"is-typedarray@^1.0.0":
  "integrity" "sha1-5HnICFjfDBsR3dppQPlgEfzaSpo="
  "resolved" "https://registry.npmjs.org/is-typedarray/-/is-typedarray-1.0.0.tgz"
  "version" "1.0.0"

"js-tokens@^3.0.0 || ^4.0.0", "js-tokens@^4.0.0":
  "integrity" "sha512-RdJUflcE3cUzKiMqQgsCu06FPu9UdIJO0beYbPhHN4k6apgJtifcoCtT9bcxOpYBtpD2kCM6Sbzg4CausW/PKQ=="
  "resolved" "https://registry.npmjs.org/js-tokens/-/js-tokens-4.0.0.tgz"
  "version" "4.0.0"

"lodash@^4.17.21":
  "integrity" "sha512-v2kDEe57lecTulaDIuNTPy3Ry4gLGJ6Z1O3vE1krgXZNrsQ+LFTGHVxVjcXPs17LhbZVGedAJv8XZ1tvj5FvSg=="
  "resolved" "https://registry.npmjs.org/lodash/-/lodash-4.17.21.tgz"
  "version" "4.17.21"

"loose-envify@^1.1.0", "loose-envify@^1.4.0":
  "integrity" "sha512-lyuxPGr/Wfhrlem2CL/UcnUc1zcqKAImBDzukY7Y5F/yQiNdko6+fRLevlw1HgMySw7f611UIY408EtxRSoK3Q=="
  "resolved" "https://registry.npmjs.org/loose-envify/-/loose-envify-1.4.0.tgz"
  "version" "1.4.0"
  dependencies:
    "js-tokens" "^3.0.0 || ^4.0.0"

"lz-string@^1.4.4":
  "integrity" "sha1-wNjq82BZ9wV5bh40SBHPTEmNOiY="
  "resolved" "https://registry.npmjs.org/lz-string/-/lz-string-1.4.4.tgz"
  "version" "1.4.4"

"ms@2.0.0":
  "integrity" "sha1-VgiurfwAvmwpAd9fmGF4jeDVl8g="
  "resolved" "https://registry.npmjs.org/ms/-/ms-2.0.0.tgz"
  "version" "2.0.0"

"nanoid@^3.1.30":
  "integrity" "sha512-fmsZYa9lpn69Ad5eDn7FMcnnSR+8R34W9qJEijxYhTbfOWzr22n1QxCMzXLK+ODyW2973V3Fux959iQoUxzUIA=="
  "resolved" "https://registry.npmjs.org/nanoid/-/nanoid-3.2.0.tgz"
  "version" "3.2.0"

"next-tick@~1.0.0":
  "integrity" "sha1-yobR/ogoFpsBICCOPchCS524NCw="
  "resolved" "https://registry.npmjs.org/next-tick/-/next-tick-1.0.0.tgz"
  "version" "1.0.0"

"next@^12.0.8", "next@>= 12.x.x":
  "integrity" "sha512-omfYqoR/DvbdOIJ6SS1unKJ4mGIxUPs0RPa7wr/Mft22OCKgJhuG+aI9KFYi5ZJBwoFQk1vqaMKpWz5qr+dN0Q=="
  "resolved" "https://registry.npmjs.org/next/-/next-12.0.9.tgz"
  "version" "12.0.9"
  dependencies:
    "@next/env" "12.0.9"
    "caniuse-lite" "^1.0.30001283"
    "postcss" "8.4.5"
    "styled-jsx" "5.0.0"
    "use-subscription" "1.5.1"
  optionalDependencies:
    "@next/swc-android-arm64" "12.0.9"
    "@next/swc-darwin-arm64" "12.0.9"
    "@next/swc-darwin-x64" "12.0.9"
    "@next/swc-linux-arm-gnueabihf" "12.0.9"
    "@next/swc-linux-arm64-gnu" "12.0.9"
    "@next/swc-linux-arm64-musl" "12.0.9"
    "@next/swc-linux-x64-gnu" "12.0.9"
    "@next/swc-linux-x64-musl" "12.0.9"
    "@next/swc-win32-arm64-msvc" "12.0.9"
    "@next/swc-win32-ia32-msvc" "12.0.9"
    "@next/swc-win32-x64-msvc" "12.0.9"

"node-domexception@^1.0.0":
  "integrity" "sha512-/jKZoMpw0F8GRwl4/eLROPA3cfcXtLApP0QzLmUT/HuPCZWyB7IY9ZrMeKw2O/nFIqPQB3PVM9aYm0F312AXDQ=="
  "resolved" "https://registry.npmjs.org/node-domexception/-/node-domexception-1.0.0.tgz"
  "version" "1.0.0"

"node-fetch@^3.1.0":
  "integrity" "sha512-8xeimMwMItMw8hRrOl3C9/xzU49HV/yE6ORew/l+dxWimO5A4Ra8ld2rerlJvc/O7et5Z1zrWsPX43v1QBjCxw=="
  "resolved" "https://registry.npmjs.org/node-fetch/-/node-fetch-3.2.0.tgz"
  "version" "3.2.0"
  dependencies:
    "data-uri-to-buffer" "^4.0.0"
    "fetch-blob" "^3.1.4"
    "formdata-polyfill" "^4.0.10"

"node-fetch@2.6.7":
  "integrity" "sha512-ZjMPFEfVx5j+y2yF35Kzx5sF7kDzxuDj6ziH4FFbOp87zKDZNx8yExJIb05OGF4Nlt9IHFIMBkRl41VdvcNdbQ=="
  "resolved" "https://registry.npmjs.org/node-fetch/-/node-fetch-2.6.7.tgz"
  "version" "2.6.7"
  dependencies:
    "whatwg-url" "^5.0.0"

"node-gyp-build@^4.3.0":
  "integrity" "sha512-iWjXZvmboq0ja1pUGULQBexmxq8CV4xBhX7VDOTbL7ZR4FOowwY/VOtRxBN/yKxmdGoIp4j5ysNT4u3S2pDQ3Q=="
  "resolved" "https://registry.npmjs.org/node-gyp-build/-/node-gyp-build-4.3.0.tgz"
  "version" "4.3.0"

"object-assign@^4.1.1":
  "integrity" "sha1-IQmtx5ZYh8/AXLvUQsrIv7s2CGM="
  "resolved" "https://registry.npmjs.org/object-assign/-/object-assign-4.1.1.tgz"
  "version" "4.1.1"

"picocolors@^1.0.0":
  "integrity" "sha512-1fygroTLlHu66zi26VoTDv8yRgm0Fccecssto+MhsZ0D/DGW2sm8E8AjW7NU5VVTRt5GxbeZ5qBuJr+HyLYkjQ=="
  "resolved" "https://registry.npmjs.org/picocolors/-/picocolors-1.0.0.tgz"
  "version" "1.0.0"

"postcss@8.4.5":
  "integrity" "sha512-jBDboWM8qpaqwkMwItqTQTiFikhs/67OYVvblFFTM7MrZjt6yMKd6r2kgXizEbTTljacm4NldIlZnhbjr84QYg=="
  "resolved" "https://registry.npmjs.org/postcss/-/postcss-8.4.5.tgz"
  "version" "8.4.5"
  dependencies:
    "nanoid" "^3.1.30"
    "picocolors" "^1.0.0"
    "source-map-js" "^1.0.1"

"pretty-format@^27.0.2":
  "integrity" "sha512-NblstegA1y/RJW2VyML+3LlpFjzx62cUrtBIKIWDXEDkjNeleA7Od7nrzcs/VLQvAeV4CgSYhrN39DRN88Qi/g=="
  "resolved" "https://registry.npmjs.org/pretty-format/-/pretty-format-27.4.6.tgz"
  "version" "27.4.6"
  dependencies:
    "ansi-regex" "^5.0.1"
    "ansi-styles" "^5.0.0"
    "react-is" "^17.0.1"

"prop-types@^15.8.1":
  "integrity" "sha512-oj87CgZICdulUohogVAR7AjlC0327U4el4L6eAvOqCeudMDVU0NThNaV+b9Df4dXgSP1gXMTnPdhfe/2qDH5cg=="
  "resolved" "https://registry.npmjs.org/prop-types/-/prop-types-15.8.1.tgz"
  "version" "15.8.1"
  dependencies:
    "loose-envify" "^1.4.0"
    "object-assign" "^4.1.1"
    "react-is" "^16.13.1"

"react-dom@*", "react-dom@^17.0.2", "react-dom@^17.0.2 || ^18.0.0-0":
  "integrity" "sha512-s4h96KtLDUQlsENhMn1ar8t2bEa+q/YAtj8pPPdIjPDGBDIVNsrD9aXNWqspUe6AzKCIG0C1HZZLqLV7qpOBGA=="
  "resolved" "https://registry.npmjs.org/react-dom/-/react-dom-17.0.2.tgz"
  "version" "17.0.2"
  dependencies:
    "loose-envify" "^1.1.0"
    "object-assign" "^4.1.1"
    "scheduler" "^0.20.2"

"react-icons@^4.3.1":
  "integrity" "sha512-cB10MXLTs3gVuXimblAdI71jrJx8njrJZmNMEMC+sQu5B/BIOmlsAjskdqpn81y8UBVEGuHODd7/ci5DvoSzTQ=="
  "resolved" "https://registry.npmjs.org/react-icons/-/react-icons-4.3.1.tgz"
  "version" "4.3.1"

"react-is@^16.13.1":
  "integrity" "sha512-24e6ynE2H+OKt4kqsOvNd8kBpV65zoxbA4BVsEOB3ARVWQki/DHzaUoC5KuON/BiccDaCCTZBuOcfZs70kR8bQ=="
  "resolved" "https://registry.npmjs.org/react-is/-/react-is-16.13.1.tgz"
  "version" "16.13.1"

"react-is@^17.0.1":
  "integrity" "sha512-w2GsyukL62IJnlaff/nRegPQR94C/XXamvMWmSHRJ4y7Ts/4ocGRmTHvOs8PSE6pB3dWOrD/nueuU5sduBsQ4w=="
  "resolved" "https://registry.npmjs.org/react-is/-/react-is-17.0.2.tgz"
  "version" "17.0.2"

"react-ripples@^2.2.1":
  "integrity" "sha512-TfLjgZICQlsYCN2iX4fdeZNjoDzhJVC7r+R3irqyaNvCtWezouS9j+sE+nwSk747irtV8RKRDHmwMmsNBOw8Qg=="
  "resolved" "https://registry.npmjs.org/react-ripples/-/react-ripples-2.2.1.tgz"
  "version" "2.2.1"

"react@*", "react@^16.8.0 || ^17.0.0", "react@^17.0.2", "react@^17.0.2 || ^18.0.0-0", "react@>= 16.8.0 || 17.x.x || 18.x.x", "react@>= 17.x.x", "react@>=16.x", "react@17.0.2":
  "integrity" "sha512-gnhPt75i/dq/z3/6q/0asP78D0u592D5L1pd7M8P+dck6Fu/jJeL6iVVK23fptSUZj8Vjf++7wXA8UNclGQcbA=="
  "resolved" "https://registry.npmjs.org/react/-/react-17.0.2.tgz"
  "version" "17.0.2"
  dependencies:
    "loose-envify" "^1.1.0"
    "object-assign" "^4.1.1"

"regenerator-runtime@^0.13.4":
  "integrity" "sha512-p3VT+cOEgxFsRRA9X4lkI1E+k2/CtnKtU4gcxyaCUreilL/vqI6CdZ3wxVUx3UOUg+gnUOQQcRI7BmSI656MYA=="
  "resolved" "https://registry.npmjs.org/regenerator-runtime/-/regenerator-runtime-0.13.9.tgz"
  "version" "0.13.9"

"scheduler@^0.20.2":
  "integrity" "sha512-2eWfGgAqqWFGqtdMmcL5zCMK1U8KlXv8SQFGglL3CEtd0aDVDWgeF/YoCmvln55m5zSk3J/20hTaSBeSObsQDQ=="
  "resolved" "https://registry.npmjs.org/scheduler/-/scheduler-0.20.2.tgz"
  "version" "0.20.2"
  dependencies:
    "loose-envify" "^1.1.0"
    "object-assign" "^4.1.1"

"source-map-js@^1.0.1":
  "integrity" "sha512-R0XvVJ9WusLiqTCEiGCmICCMplcCkIwwR11mOSD9CR5u+IXYdiseeEuXCVAjS54zqwkLcPNnmU4OeJ6tUrWhDw=="
  "resolved" "https://registry.npmjs.org/source-map-js/-/source-map-js-1.0.2.tgz"
  "version" "1.0.2"

"styled-jsx@>= 4.x.x || 5.x.x", "styled-jsx@5.0.0":
  "integrity" "sha512-qUqsWoBquEdERe10EW8vLp3jT25s/ssG1/qX5gZ4wu15OZpmSMFI2v+fWlRhLfykA5rFtlJ1ME8A8pm/peV4WA=="
  "resolved" "https://registry.npmjs.org/styled-jsx/-/styled-jsx-5.0.0.tgz"
  "version" "5.0.0"

"supports-color@^5.3.0":
  "integrity" "sha512-QjVjwdXIt408MIiAqCX4oUKsgU2EqAGzs2Ppkm4aQYbjm+ZEWEcW4SfFNTr4uMNZma0ey4f5lgLrkB0aX0QMow=="
  "resolved" "https://registry.npmjs.org/supports-color/-/supports-color-5.5.0.tgz"
  "version" "5.5.0"
  dependencies:
    "has-flag" "^3.0.0"

"supports-color@^7.1.0":
  "integrity" "sha512-qpCAvRl9stuOHveKsn7HncJRvv501qIacKzQlO/+Lwxc9+0q2wLyv4Dfvt80/DPn2pqOBsJdDiogXGR9+OvwRw=="
  "resolved" "https://registry.npmjs.org/supports-color/-/supports-color-7.2.0.tgz"
  "version" "7.2.0"
  dependencies:
    "has-flag" "^4.0.0"

"tr46@~0.0.3":
  "integrity" "sha1-gYT9NH2snNwYWZLzpmIuFLnZq2o="
  "resolved" "https://registry.npmjs.org/tr46/-/tr46-0.0.3.tgz"
  "version" "0.0.3"

"type@^1.0.1":
  "integrity" "sha512-+5nt5AAniqsCnu2cEQQdpzCAh33kVx8n0VoFidKpB1dVVLAN/F+bgVOqOJqOnEnrhp222clB5p3vUlD+1QAnfg=="
  "resolved" "https://registry.npmjs.org/type/-/type-1.2.0.tgz"
  "version" "1.2.0"

"type@^2.5.0":
  "integrity" "sha512-180WMDQaIMm3+7hGXWf12GtdniDEy7nYcyFMKJn/eZz/6tSLXrUN9V0wKSbMjej0I1WHWbpREDEKHtqPQa9NNw=="
  "resolved" "https://registry.npmjs.org/type/-/type-2.5.0.tgz"
  "version" "2.5.0"

"typedarray-to-buffer@^3.1.5":
  "integrity" "sha512-zdu8XMNEDepKKR+XYOXAVPtWui0ly0NtohUscw+UmaHiAWT8hrV1rr//H6V+0DvJ3OQ19S979M0laLfX8rm82Q=="
  "resolved" "https://registry.npmjs.org/typedarray-to-buffer/-/typedarray-to-buffer-3.1.5.tgz"
  "version" "3.1.5"
  dependencies:
    "is-typedarray" "^1.0.0"

"use-subscription@1.5.1":
  "integrity" "sha512-Xv2a1P/yReAjAbhylMfFplFKj9GssgTwN7RlcTxBujFQcloStWNDQdc4g4NRWH9xS4i/FDk04vQBptAXoF3VcA=="
  "resolved" "https://registry.npmjs.org/use-subscription/-/use-subscription-1.5.1.tgz"
  "version" "1.5.1"
  dependencies:
    "object-assign" "^4.1.1"

"utf-8-validate@^5.0.2":
  "integrity" "sha512-k4dW/Qja1BYDl2qD4tOMB9PFVha/UJtxTc1cXYOe3WwA/2m0Yn4qB7wLMpJyLJ/7DR0XnTut3HsCSzDT4ZvKgA=="
  "resolved" "https://registry.npmjs.org/utf-8-validate/-/utf-8-validate-5.0.8.tgz"
  "version" "5.0.8"
  dependencies:
    "node-gyp-build" "^4.3.0"

"web-streams-polyfill@^3.0.3":
  "integrity" "sha512-EqPmREeOzttaLRm5HS7io98goBgZ7IVz79aDvqjD0kYXLtFZTc0T/U6wHTPKyIjb+MdN7DFIIX6hgdBEpWmfPA=="
  "resolved" "https://registry.npmjs.org/web-streams-polyfill/-/web-streams-polyfill-3.2.0.tgz"
  "version" "3.2.0"

"webidl-conversions@^3.0.0":
  "integrity" "sha1-JFNCdeKnvGvnvIZhHMFq4KVlSHE="
  "resolved" "https://registry.npmjs.org/webidl-conversions/-/webidl-conversions-3.0.1.tgz"
  "version" "3.0.1"

"websocket@^1.0.34":
  "integrity" "sha512-PRDso2sGwF6kM75QykIesBijKSVceR6jL2G8NGYyq2XrItNC2P5/qL5XeR056GhA+Ly7JMFvJb9I312mJfmqnQ=="
  "resolved" "https://registry.npmjs.org/websocket/-/websocket-1.0.34.tgz"
  "version" "1.0.34"
  dependencies:
    "bufferutil" "^4.0.1"
    "debug" "^2.2.0"
    "es5-ext" "^0.10.50"
    "typedarray-to-buffer" "^3.1.5"
    "utf-8-validate" "^5.0.2"
    "yaeti" "^0.0.6"

"whatwg-url@^5.0.0":
  "integrity" "sha1-lmRU6HZUYuN2RNNib2dCzotwll0="
  "resolved" "https://registry.npmjs.org/whatwg-url/-/whatwg-url-5.0.0.tgz"
  "version" "5.0.0"
  dependencies:
    "tr46" "~0.0.3"
    "webidl-conversions" "^3.0.0"

"yaeti@^0.0.6":
  "integrity" "sha1-8m9ITXJoTPQr7ft2lwqhYI+/lXc="
  "resolved" "https://registry.npmjs.org/yaeti/-/yaeti-0.0.6.tgz"
  "version" "0.0.6"
